<?xml version="1.0" encoding="utf-8"?>
<Project ToolsVersion="4.0" xmlns="http://schemas.microsoft.com/developer/msbuild/2003">
  <ItemGroup>
    <ClCompile Include="SexyAppFramework\RtObject.cpp" />
    <ClCompile Include="SexyAppFramework\RtClass.cpp" />
    <ClCompile Include="SexyAppFramework\RtDb.cpp" />
    <ClCompile Include="SexyAppFramework\RtDbTable.cpp" />
    <ClCompile Include="SexyAppFramework\RTONDB.cpp" />
    <ClCompile Include="PvZ2\src\PvZ2Mod.cpp" />
    <ClCompile Include="SexyAppFramework\GameCommon.cpp" />
    <ClCompile Include="SexyAppFramework\Reflection.cpp" />
    <ClCompile Include="SexyAppFramework\SexyVector.cpp" />
    <ClCompile Include="SexyAppFramework\Color.cpp" />
    <ClCompile Include="SexyAppFramework\SexyMatrix.cpp" />
    <ClCompile Include="SexyAppFramework\Debug.cpp" />
    <ClCompile Include="vendors\substrate\SubstrateHook.cpp" />
    <ClCompile Include="vendors\substrate\SubstratePosixMemory.cpp" />
    <ClCompile Include="SexyAppFramework\LazySingleton.h" />
    <ClCompile Include="SexyAppFramework\Delegate.cpp" />
    <ClCompile Include="SexyAppFramework\RtProtocol.cpp" />
    <ClCompile Include="SexyAppFramework\RtIdProtocol.cpp" />
    <ClCompile Include="PvZ2\src\GameObject.cpp" />
    <ClCompile Include="PvZ2\src\PVZDB.cpp" />
    <ClCompile Include="SexyAppFramework\BaseResource.cpp" />
    <ClCompile Include="SexyAppFramework\ResourceClass.cpp" />
    <ClCompile Include="SexyAppFramework\Image.cpp" />
    <ClCompile Include="SexyAppFramework\ResourceManager.cpp" />
    <ClCompile Include="SexyAppFramework\SexyAppBase.cpp" />
    <ClCompile Include="SexyAppFramework\drivers\app\android\AndroidAppDriver.cpp" />
    <ClCompile Include="SexyAppFramework\drivers\audio\wwise\WwiseInteractiveAudioDriver.cpp" />
  </ItemGroup>
  <ItemGroup>
    <ClInclude Include="SexyAppFramework\RtObject.h" />
    <ClInclude Include="SexyAppFramework\RtClass.h" />
    <ClInclude Include="SexyAppFramework\RtSerializeContext.h" />
    <ClInclude Include="SexyAppFramework\RtWeakPtr.h" />
    <ClInclude Include="SexyAppFramework\GameCommon.h" />
    <ClInclude Include="SexyAppFramework\RtDb.h" />
    <ClInclude Include="SexyAppFramework\RtDbTable.h" />
    <ClInclude Include="SexyAppFramework\RTONDB.h" />
    <ClInclude Include="SexyAppFramework\Reflection.h" />
    <ClInclude Include="SexyAppFramework\SexyVector.h" />
    <ClInclude Include="SexyAppFramework\Point.h" />
    <ClInclude Include="SexyAppFramework\Rect.h" />
    <ClInclude Include="SexyAppFramework\Color.h" />
    <ClInclude Include="SexyAppFramework\SexyMatrix.h" />
    <ClInclude Include="SexyAppFramework\Debug.h" />
    <ClInclude Include="vendors\substrate\CydiaSubstrate.h" />
    <ClInclude Include="vendors\substrate\SubstrateARM.hpp" />
    <ClInclude Include="vendors\substrate\SubstrateHook.h" />
    <ClInclude Include="SexyAppFramework\Delegate.h" />
    <ClInclude Include="SexyAppFramework\RtProtocol.h" />
    <ClInclude Include="SexyAppFramework\RtIdProtocol.h" />
    <ClInclude Include="SexyAppFramework\Core.h" />
    <ClInclude Include="PvZ2\src\GameObject.h" />
    <ClInclude Include="PvZ2\src\PVZDB.h" />
    <ClInclude Include="SexyAppFramework\BaseResource.h" />
    <ClInclude Include="SexyAppFramework\ResourceClass.h" />
    <ClInclude Include="SexyAppFramework\Image.h" />
    <ClInclude Include="SexyAppFramework\ResourceManager.h" />
    <ClInclude Include="SexyAppFramework\SexyAppBase.h" />
    <ClInclude Include="SexyAppFramework\ButtonListener.h" />
    <ClInclude Include="SexyAppFramework\DialogListener.h" />
    <ClInclude Include="SexyAppFramework\drivers\app\android\AndroidAppDriver.h" />
    <ClInclude Include="SexyAppFramework\drivers\app\IAppDriver.h" />
    <ClInclude Include="SexyAppFramework\drivers\audio\IInteractiveAudioDriver.h" />
    <ClCompile Include="SexyAppFramework\drivers\audio\wwise\WwiseInteractiveAudioDriver.h" />
  </ItemGroup>
</Project>