<?xml version="1.0" encoding="utf-8"?>
<Project ToolsVersion="4.0" xmlns="http://schemas.microsoft.com/developer/msbuild/2003">
  <ItemGroup>
    <ClCompile Include="SexyAppFramework\RtObject.cpp" />
    <ClCompile Include="SexyAppFramework\RtClass.cpp" />
    <ClCompile Include="SexyAppFramework\RtDb.cpp" />
    <ClCompile Include="SexyAppFramework\RtDbTable.cpp" />
    <ClCompile Include="SexyAppFramework\RTONDB.cpp" />
    <ClCompile Include="PvZ2\src\PvZ2Mod.cpp" />
    <ClCompile Include="SexyAppFramework\GameCommon.cpp" />
    <ClCompile Include="SexyAppFramework\Reflection.cpp" />
    <ClCompile Include="SexyAppFramework\SexyVector.cpp" />
    <ClCompile Include="SexyAppFramework\Color.cpp" />
    <ClCompile Include="SexyAppFramework\SexyMatrix.cpp" />
    <ClCompile Include="SexyAppFramework\Debug.cpp" />
    <ClCompile Include="vendors\substrate\SubstrateHook.cpp" />
    <ClCompile Include="vendors\substrate\SubstratePosixMemory.cpp" />
    <ClCompile Include="SexyAppFramework\LazySingleton.cpp" />
  </ItemGroup>
  <ItemGroup>
    <ClInclude Include="SexyAppFramework\RtObject.h" />
    <ClInclude Include="SexyAppFramework\RtClass.h" />
    <ClInclude Include="SexyAppFramework\RtSerializeContext.h" />
    <ClInclude Include="SexyAppFramework\RtWeakPtr.h" />
    <ClInclude Include="SexyAppFramework\GameCommon.h" />
    <ClInclude Include="SexyAppFramework\RtDb.h" />
    <ClInclude Include="SexyAppFramework\RtDbTable.h" />
    <ClInclude Include="SexyAppFramework\RTONDB.h" />
    <ClInclude Include="SexyAppFramework\Reflection.h" />
    <ClInclude Include="SexyAppFramework\SexyVector.h" />
    <ClInclude Include="SexyAppFramework\Point.h" />
    <ClInclude Include="SexyAppFramework\Rect.h" />
    <ClInclude Include="SexyAppFramework\Color.h" />
    <ClInclude Include="SexyAppFramework\SexyMatrix.h" />
    <ClInclude Include="SexyAppFramework\Debug.h" />
    <ClInclude Include="vendors\substrate\CydiaSubstrate.h" />
    <ClInclude Include="vendors\substrate\SubstrateARM.hpp" />
    <ClInclude Include="vendors\substrate\SubstrateHook.h" />
  </ItemGroup>
</Project>